// !$*UTF8*$!
{
	archiveVersion = 1;
	classes = {
	};
	objectVersion = 46;
	objects = {

/* Begin PBXBuildFile section */
		889E1FF31E3E737A004E0C56 /* AppDelegate.swift in Sources */ = {isa = PBXBuildFile; fileRef = 889E1FF21E3E737A004E0C56 /* AppDelegate.swift */; };
		889E1FF51E3E737A004E0C56 /* ViewController.swift in Sources */ = {isa = PBXBuildFile; fileRef = 889E1FF41E3E737A004E0C56 /* ViewController.swift */; };
		889E1FF81E3E737A004E0C56 /* Main.storyboard in Resources */ = {isa = PBXBuildFile; fileRef = 889E1FF61E3E737A004E0C56 /* Main.storyboard */; };
		889E1FFA1E3E737A004E0C56 /* Assets.xcassets in Resources */ = {isa = PBXBuildFile; fileRef = 889E1FF91E3E737A004E0C56 /* Assets.xcassets */; };
		889E1FFD1E3E737A004E0C56 /* LaunchScreen.storyboard in Resources */ = {isa = PBXBuildFile; fileRef = 889E1FFB1E3E737A004E0C56 /* LaunchScreen.storyboard */; };
		889E20081E3E737A004E0C56 /* BallDrop_Hw1Tests.swift in Sources */ = {isa = PBXBuildFile; fileRef = 889E20071E3E737A004E0C56 /* BallDrop_Hw1Tests.swift */; };
		889E20131E3E737A004E0C56 /* BallDrop_Hw1UITests.swift in Sources */ = {isa = PBXBuildFile; fileRef = 889E20121E3E737A004E0C56 /* BallDrop_Hw1UITests.swift */; };
/* End PBXBuildFile section */

/* Begin PBXContainerItemProxy section */
		889E20041E3E737A004E0C56 /* PBXContainerItemProxy */ = {
			isa = PBXContainerItemProxy;
			containerPortal = 889E1FE71E3E737A004E0C56 /* Project object */;
			proxyType = 1;
			remoteGlobalIDString = 889E1FEE1E3E737A004E0C56;
			remoteInfo = BallDrop_Hw1;
		};
		889E200F1E3E737A004E0C56 /* PBXContainerItemProxy */ = {
			isa = PBXContainerItemProxy;
			containerPortal = 889E1FE71E3E737A004E0C56 /* Project object */;
			proxyType = 1;
			remoteGlobalIDString = 889E1FEE1E3E737A004E0C56;
			remoteInfo = BallDrop_Hw1;
		};
/* End PBXContainerItemProxy section */

/* Begin PBXFileReference section */
		889E1FEF1E3E737A004E0C56 /* BallDrop_Hw1.app */ = {isa = PBXFileReference; explicitFileType = wrapper.application; includeInIndex = 0; path = BallDrop_Hw1.app; sourceTree = BUILT_PRODUCTS_DIR; };
		889E1FF21E3E737A004E0C56 /* AppDelegate.swift */ = {isa = PBXFileReference; lastKnownFileType = sourcecode.swift; path = AppDelegate.swift; sourceTree = "<group>"; };
		889E1FF41E3E737A004E0C56 /* ViewController.swift */ = {isa = PBXFileReference; lastKnownFileType = sourcecode.swift; path = ViewController.swift; sourceTree = "<group>"; };
		889E1FF71E3E737A004E0C56 /* Base */ = {isa = PBXFileReference; lastKnownFileType = file.storyboard; name = Base; path = Base.lproj/Main.storyboard; sourceTree = "<group>"; };
		889E1FF91E3E737A004E0C56 /* Assets.xcassets */ = {isa = PBXFileReference; lastKnownFileType = folder.assetcatalog; path = Assets.xcassets; sourceTree = "<group>"; };
		889E1FFC1E3E737A004E0C56 /* Base */ = {isa = PBXFileReference; lastKnownFileType = file.storyboard; name = Base; path = Base.lproj/LaunchScreen.storyboard; sourceTree = "<group>"; };
		889E1FFE1E3E737A004E0C56 /* Info.plist */ = {isa = PBXFileReference; lastKnownFileType = text.plist.xml; path = Info.plist; sourceTree = "<group>"; };
		889E20031E3E737A004E0C56 /* BallDrop_Hw1Tests.xctest */ = {isa = PBXFileReference; explicitFileType = wrapper.cfbundle; includeInIndex = 0; path = BallDrop_Hw1Tests.xctest; sourceTree = BUILT_PRODUCTS_DIR; };
		889E20071E3E737A004E0C56 /* BallDrop_Hw1Tests.swift */ = {isa = PBXFileReference; lastKnownFileType = sourcecode.swift; path = BallDrop_Hw1Tests.swift; sourceTree = "<group>"; };
		889E20091E3E737A004E0C56 /* Info.plist */ = {isa = PBXFileReference; lastKnownFileType = text.plist.xml; path = Info.plist; sourceTree = "<group>"; };
		889E200E1E3E737A004E0C56 /* BallDrop_Hw1UITests.xctest */ = {isa = PBXFileReference; explicitFileType = wrapper.cfbundle; includeInIndex = 0; path = BallDrop_Hw1UITests.xctest; sourceTree = BUILT_PRODUCTS_DIR; };
		889E20121E3E737A004E0C56 /* BallDrop_Hw1UITests.swift */ = {isa = PBXFileReference; lastKnownFileType = sourcecode.swift; path = BallDrop_Hw1UITests.swift; sourceTree = "<group>"; };
		889E20141E3E737A004E0C56 /* Info.plist */ = {isa = PBXFileReference; lastKnownFileType = text.plist.xml; path = Info.plist; sourceTree = "<group>"; };
/* End PBXFileReference section */

/* Begin PBXFrameworksBuildPhase section */
		889E1FEC1E3E737A004E0C56 /* Frameworks */ = {
			isa = PBXFrameworksBuildPhase;
			buildActionMask = 2147483647;
			files = (
			);
			runOnlyForDeploymentPostprocessing = 0;
		};
		889E20001E3E737A004E0C56 /* Frameworks */ = {
			isa = PBXFrameworksBuildPhase;
			buildActionMask = 2147483647;
			files = (
			);
			runOnlyForDeploymentPostprocessing = 0;
		};
		889E200B1E3E737A004E0C56 /* Frameworks */ = {
			isa = PBXFrameworksBuildPhase;
			buildActionMask = 2147483647;
			files = (
			);
			runOnlyForDeploymentPostprocessing = 0;
		};
/* End PBXFrameworksBuildPhase section */

/* Begin PBXGroup section */
		889E1FE61E3E737A004E0C56 = {
			isa = PBXGroup;
			children = (
				889E1FF11E3E737A004E0C56 /* BallDrop_Hw1 */,
				889E20061E3E737A004E0C56 /* BallDrop_Hw1Tests */,
				889E20111E3E737A004E0C56 /* BallDrop_Hw1UITests */,
				889E1FF01E3E737A004E0C56 /* Products */,
			);
			sourceTree = "<group>";
		};
		889E1FF01E3E737A004E0C56 /* Products */ = {
			isa = PBXGroup;
			children = (
				889E1FEF1E3E737A004E0C56 /* BallDrop_Hw1.app */,
				889E20031E3E737A004E0C56 /* BallDrop_Hw1Tests.xctest */,
				889E200E1E3E737A004E0C56 /* BallDrop_Hw1UITests.xctest */,
			);
			name = Products;
			sourceTree = "<group>";
		};
		889E1FF11E3E737A004E0C56 /* BallDrop_Hw1 */ = {
			isa = PBXGroup;
			children = (
				889E1FF21E3E737A004E0C56 /* AppDelegate.swift */,
				889E1FF41E3E737A004E0C56 /* ViewController.swift */,
				889E1FF61E3E737A004E0C56 /* Main.storyboard */,
				889E1FF91E3E737A004E0C56 /* Assets.xcassets */,
				889E1FFB1E3E737A004E0C56 /* LaunchScreen.storyboard */,
				889E1FFE1E3E737A004E0C56 /* Info.plist */,
			);
			path = BallDrop_Hw1;
			sourceTree = "<group>";
		};
		889E20061E3E737A004E0C56 /* BallDrop_Hw1Tests */ = {
			isa = PBXGroup;
			children = (
				889E20071E3E737A004E0C56 /* BallDrop_Hw1Tests.swift */,
				889E20091E3E737A004E0C56 /* Info.plist */,
			);
			path = BallDrop_Hw1Tests;
			sourceTree = "<group>";
		};
		889E20111E3E737A004E0C56 /* BallDrop_Hw1UITests */ = {
			isa = PBXGroup;
			children = (
				889E20121E3E737A004E0C56 /* BallDrop_Hw1UITests.swift */,
				889E20141E3E737A004E0C56 /* Info.plist */,
			);
			path = BallDrop_Hw1UITests;
			sourceTree = "<group>";
		};
/* End PBXGroup section */

/* Begin PBXNativeTarget section */
		889E1FEE1E3E737A004E0C56 /* BallDrop_Hw1 */ = {
			isa = PBXNativeTarget;
			buildConfigurationList = 889E20171E3E737A004E0C56 /* Build configuration list for PBXNativeTarget "BallDrop_Hw1" */;
			buildPhases = (
				889E1FEB1E3E737A004E0C56 /* Sources */,
				889E1FEC1E3E737A004E0C56 /* Frameworks */,
				889E1FED1E3E737A004E0C56 /* Resources */,
			);
			buildRules = (
			);
			dependencies = (
			);
			name = BallDrop_Hw1;
			productName = BallDrop_Hw1;
			productReference = 889E1FEF1E3E737A004E0C56 /* BallDrop_Hw1.app */;
			productType = "com.apple.product-type.application";
		};
		889E20021E3E737A004E0C56 /* BallDrop_Hw1Tests */ = {
			isa = PBXNativeTarget;
			buildConfigurationList = 889E201A1E3E737A004E0C56 /* Build configuration list for PBXNativeTarget "BallDrop_Hw1Tests" */;
			buildPhases = (
				889E1FFF1E3E737A004E0C56 /* Sources */,
				889E20001E3E737A004E0C56 /* Frameworks */,
				889E20011E3E737A004E0C56 /* Resources */,
			);
			buildRules = (
			);
			dependencies = (
				889E20051E3E737A004E0C56 /* PBXTargetDependency */,
			);
			name = BallDrop_Hw1Tests;
			productName = BallDrop_Hw1Tests;
			productReference = 889E20031E3E737A004E0C56 /* BallDrop_Hw1Tests.xctest */;
			productType = "com.apple.product-type.bundle.unit-test";
		};
		889E200D1E3E737A004E0C56 /* BallDrop_Hw1UITests */ = {
			isa = PBXNativeTarget;
			buildConfigurationList = 889E201D1E3E737A004E0C56 /* Build configuration list for PBXNativeTarget "BallDrop_Hw1UITests" */;
			buildPhases = (
				889E200A1E3E737A004E0C56 /* Sources */,
				889E200B1E3E737A004E0C56 /* Frameworks */,
				889E200C1E3E737A004E0C56 /* Resources */,
			);
			buildRules = (
			);
			dependencies = (
				889E20101E3E737A004E0C56 /* PBXTargetDependency */,
			);
			name = BallDrop_Hw1UITests;
			productName = BallDrop_Hw1UITests;
			productReference = 889E200E1E3E737A004E0C56 /* BallDrop_Hw1UITests.xctest */;
			productType = "com.apple.product-type.bundle.ui-testing";
		};
/* End PBXNativeTarget section */

/* Begin PBXProject section */
		889E1FE71E3E737A004E0C56 /* Project object */ = {
			isa = PBXProject;
			attributes = {
				LastSwiftUpdateCheck = 0820;
				LastUpgradeCheck = 0820;
				ORGANIZATIONNAME = "Jason Zheng";
				TargetAttributes = {
					889E1FEE1E3E737A004E0C56 = {
						CreatedOnToolsVersion = 8.2.1;
						ProvisioningStyle = Automatic;
					};
					889E20021E3E737A004E0C56 = {
						CreatedOnToolsVersion = 8.2.1;
						ProvisioningStyle = Automatic;
						TestTargetID = 889E1FEE1E3E737A004E0C56;
					};
					889E200D1E3E737A004E0C56 = {
						CreatedOnToolsVersion = 8.2.1;
						ProvisioningStyle = Automatic;
						TestTargetID = 889E1FEE1E3E737A004E0C56;
					};
				};
			};
			buildConfigurationList = 889E1FEA1E3E737A004E0C56 /* Build configuration list for PBXProject "BallDrop_Hw1" */;
			compatibilityVersion = "Xcode 3.2";
			developmentRegion = English;
			hasScannedForEncodings = 0;
			knownRegions = (
				en,
				Base,
			);
			mainGroup = 889E1FE61E3E737A004E0C56;
			productRefGroup = 889E1FF01E3E737A004E0C56 /* Products */;
			projectDirPath = "";
			projectRoot = "";
			targets = (
				889E1FEE1E3E737A004E0C56 /* BallDrop_Hw1 */,
				889E20021E3E737A004E0C56 /* BallDrop_Hw1Tests */,
				889E200D1E3E737A004E0C56 /* BallDrop_Hw1UITests */,
			);
		};
/* End PBXProject section */

/* Begin PBXResourcesBuildPhase section */
		889E1FED1E3E737A004E0C56 /* Resources */ = {
			isa = PBXResourcesBuildPhase;
			buildActionMask = 2147483647;
			files = (
				889E1FFD1E3E737A004E0C56 /* LaunchScreen.storyboard in Resources */,
				889E1FFA1E3E737A004E0C56 /* Assets.xcassets in Resources */,
				889E1FF81E3E737A004E0C56 /* Main.storyboard in Resources */,
			);
			runOnlyForDeploymentPostprocessing = 0;
		};
		889E20011E3E737A004E0C56 /* Resources */ = {
			isa = PBXResourcesBuildPhase;
			buildActionMask = 2147483647;
			files = (
			);
			runOnlyForDeploymentPostprocessing = 0;
		};
		889E200C1E3E737A004E0C56 /* Resources */ = {
			isa = PBXResourcesBuildPhase;
			buildActionMask = 2147483647;
			files = (
			);
			runOnlyForDeploymentPostprocessing = 0;
		};
/* End PBXResourcesBuildPhase section */

/* Begin PBXSourcesBuildPhase section */
		889E1FEB1E3E737A004E0C56 /* Sources */ = {
			isa = PBXSourcesBuildPhase;
			buildActionMask = 2147483647;
			files = (
				889E1FF51E3E737A004E0C56 /* ViewController.swift in Sources */,
				889E1FF31E3E737A004E0C56 /* AppDelegate.swift in Sources */,
			);
			runOnlyForDeploymentPostprocessing = 0;
		};
		889E1FFF1E3E737A004E0C56 /* Sources */ = {
			isa = PBXSourcesBuildPhase;
			buildActionMask = 2147483647;
			files = (
				889E20081E3E737A004E0C56 /* BallDrop_Hw1Tests.swift in Sources */,
			);
			runOnlyForDeploymentPostprocessing = 0;
		};
		889E200A1E3E737A004E0C56 /* Sources */ = {
			isa = PBXSourcesBuildPhase;
			buildActionMask = 2147483647;
			files = (
				889E20131E3E737A004E0C56 /* BallDrop_Hw1UITests.swift in Sources */,
			);
			runOnlyForDeploymentPostprocessing = 0;
		};
/* End PBXSourcesBuildPhase section */

/* Begin PBXTargetDependency section */
		889E20051E3E737A004E0C56 /* PBXTargetDependency */ = {
			isa = PBXTargetDependency;
			target = 889E1FEE1E3E737A004E0C56 /* BallDrop_Hw1 */;
			targetProxy = 889E20041E3E737A004E0C56 /* PBXContainerItemProxy */;
		};
		889E20101E3E737A004E0C56 /* PBXTargetDependency */ = {
			isa = PBXTargetDependency;
			target = 889E1FEE1E3E737A004E0C56 /* BallDrop_Hw1 */;
			targetProxy = 889E200F1E3E737A004E0C56 /* PBXContainerItemProxy */;
		};
/* End PBXTargetDependency section */

/* Begin PBXVariantGroup section */
		889E1FF61E3E737A004E0C56 /* Main.storyboard */ = {
			isa = PBXVariantGroup;
			children = (
				889E1FF71E3E737A004E0C56 /* Base */,
			);
			name = Main.storyboard;
			sourceTree = "<group>";
		};
		889E1FFB1E3E737A004E0C56 /* LaunchScreen.storyboard */ = {
			isa = PBXVariantGroup;
			children = (
				889E1FFC1E3E737A004E0C56 /* Base */,
			);
			name = LaunchScreen.storyboard;
			sourceTree = "<group>";
		};
/* End PBXVariantGroup section */

/* Begin XCBuildConfiguration section */
		889E20151E3E737A004E0C56 /* Debug */ = {
			isa = XCBuildConfiguration;
			buildSettings = {
				ALWAYS_SEARCH_USER_PATHS = NO;
				CLANG_ANALYZER_NONNULL = YES;
				CLANG_CXX_LANGUAGE_STANDARD = "gnu++0x";
				CLANG_CXX_LIBRARY = "libc++";
				CLANG_ENABLE_MODULES = YES;
				CLANG_ENABLE_OBJC_ARC = YES;
				CLANG_WARN_BOOL_CONVERSION = YES;
				CLANG_WARN_CONSTANT_CONVERSION = YES;
				CLANG_WARN_DIRECT_OBJC_ISA_USAGE = YES_ERROR;
				CLANG_WARN_DOCUMENTATION_COMMENTS = YES;
				CLANG_WARN_EMPTY_BODY = YES;
				CLANG_WARN_ENUM_CONVERSION = YES;
				CLANG_WARN_INFINITE_RECURSION = YES;
				CLANG_WARN_INT_CONVERSION = YES;
				CLANG_WARN_OBJC_ROOT_CLASS = YES_ERROR;
				CLANG_WARN_SUSPICIOUS_MOVE = YES;
				CLANG_WARN_UNREACHABLE_CODE = YES;
				CLANG_WARN__DUPLICATE_METHOD_MATCH = YES;
				"CODE_SIGN_IDENTITY[sdk=iphoneos*]" = "iPhone Developer";
				COPY_PHASE_STRIP = NO;
				DEBUG_INFORMATION_FORMAT = dwarf;
				ENABLE_STRICT_OBJC_MSGSEND = YES;
				ENABLE_TESTABILITY = YES;
				GCC_C_LANGUAGE_STANDARD = gnu99;
				GCC_DYNAMIC_NO_PIC = NO;
				GCC_NO_COMMON_BLOCKS = YES;
				GCC_OPTIMIZATION_LEVEL = 0;
				GCC_PREPROCESSOR_DEFINITIONS = (
					"DEBUG=1",
					"$(inherited)",
				);
				GCC_WARN_64_TO_32_BIT_CONVERSION = YES;
				GCC_WARN_ABOUT_RETURN_TYPE = YES_ERROR;
				GCC_WARN_UNDECLARED_SELECTOR = YES;
				GCC_WARN_UNINITIALIZED_AUTOS = YES_AGGRESSIVE;
				GCC_WARN_UNUSED_FUNCTION = YES;
				GCC_WARN_UNUSED_VARIABLE = YES;
				IPHONEOS_DEPLOYMENT_TARGET = 10.2;
				MTL_ENABLE_DEBUG_INFO = YES;
				ONLY_ACTIVE_ARCH = YES;
				SDKROOT = iphoneos;
				SWIFT_ACTIVE_COMPILATION_CONDITIONS = DEBUG;
				SWIFT_OPTIMIZATION_LEVEL = "-Onone";
				TARGETED_DEVICE_FAMILY = "1,2";
			};
			name = Debug;
		};
		889E20161E3E737A004E0C56 /* Release */ = {
			isa = XCBuildConfiguration;
			buildSettings = {
				ALWAYS_SEARCH_USER_PATHS = NO;
				CLANG_ANALYZER_NONNULL = YES;
				CLANG_CXX_LANGUAGE_STANDARD = "gnu++0x";
				CLANG_CXX_LIBRARY = "libc++";
				CLANG_ENABLE_MODULES = YES;
				CLANG_ENABLE_OBJC_ARC = YES;
				CLANG_WARN_BOOL_CONVERSION = YES;
				CLANG_WARN_CONSTANT_CONVERSION = YES;
				CLANG_WARN_DIRECT_OBJC_ISA_USAGE = YES_ERROR;
				CLANG_WARN_DOCUMENTATION_COMMENTS = YES;
				CLANG_WARN_EMPTY_BODY = YES;
				CLANG_WARN_ENUM_CONVERSION = YES;
				CLANG_WARN_INFINITE_RECURSION = YES;
				CLANG_WARN_INT_CONVERSION = YES;
				CLANG_WARN_OBJC_ROOT_CLASS = YES_ERROR;
				CLANG_WARN_SUSPICIOUS_MOVE = YES;
				CLANG_WARN_UNREACHABLE_CODE = YES;
				CLANG_WARN__DUPLICATE_METHOD_MATCH = YES;
				"CODE_SIGN_IDENTITY[sdk=iphoneos*]" = "iPhone Developer";
				COPY_PHASE_STRIP = NO;
				DEBUG_INFORMATION_FORMAT = "dwarf-with-dsym";
				ENABLE_NS_ASSERTIONS = NO;
				ENABLE_STRICT_OBJC_MSGSEND = YES;
				GCC_C_LANGUAGE_STANDARD = gnu99;
				GCC_NO_COMMON_BLOCKS = YES;
				GCC_WARN_64_TO_32_BIT_CONVERSION = YES;
				GCC_WARN_ABOUT_RETURN_TYPE = YES_ERROR;
				GCC_WARN_UNDECLARED_SELECTOR = YES;
				GCC_WARN_UNINITIALIZED_AUTOS = YES_AGGRESSIVE;
				GCC_WARN_UNUSED_FUNCTION = YES;
				GCC_WARN_UNUSED_VARIABLE = YES;
				IPHONEOS_DEPLOYMENT_TARGET = 10.2;
				MTL_ENABLE_DEBUG_INFO = NO;
				SDKROOT = iphoneos;
				SWIFT_OPTIMIZATION_LEVEL = "-Owholemodule";
				TARGETED_DEVICE_FAMILY = "1,2";
				VALIDATE_PRODUCT = YES;
			};
			name = Release;
		};
		889E20181E3E737A004E0C56 /* Debug */ = {
			isa = XCBuildConfiguration;
			buildSettings = {
				ASSETCATALOG_COMPILER_APPICON_NAME = AppIcon;
				INFOPLIST_FILE = BallDrop_Hw1/Info.plist;
				LD_RUNPATH_SEARCH_PATHS = "$(inherited) @executable_path/Frameworks";
				PRODUCT_BUNDLE_IDENTIFIER = "itp344.BallDrop-Hw1";
				PRODUCT_NAME = "$(TARGET_NAME)";
				SWIFT_VERSION = 3.0;
			};
			name = Debug;
		};
		889E20191E3E737A004E0C56 /* Release */ = {
			isa = XCBuildConfiguration;
			buildSettings = {
				ASSETCATALOG_COMPILER_APPICON_NAME = AppIcon;
				INFOPLIST_FILE = BallDrop_Hw1/Info.plist;
				LD_RUNPATH_SEARCH_PATHS = "$(inherited) @executable_path/Frameworks";
				PRODUCT_BUNDLE_IDENTIFIER = "itp344.BallDrop-Hw1";
				PRODUCT_NAME = "$(TARGET_NAME)";
				SWIFT_VERSION = 3.0;
			};
			name = Release;
		};
		889E201B1E3E737A004E0C56 /* Debug */ = {
			isa = XCBuildConfiguration;
			buildSettings = {
				ALWAYS_EMBED_SWIFT_STANDARD_LIBRARIES = YES;
				BUNDLE_LOADER = "$(TEST_HOST)";
				INFOPLIST_FILE = BallDrop_Hw1Tests/Info.plist;
				LD_RUNPATH_SEARCH_PATHS = "$(inherited) @executable_path/Frameworks @loader_path/Frameworks";
				PRODUCT_BUNDLE_IDENTIFIER = "itp344.BallDrop-Hw1Tests";
				PRODUCT_NAME = "$(TARGET_NAME)";
				SWIFT_VERSION = 3.0;
				TEST_HOST = "$(BUILT_PRODUCTS_DIR)/BallDrop_Hw1.app/BallDrop_Hw1";
			};
			name = Debug;
		};
		889E201C1E3E737A004E0C56 /* Release */ = {
			isa = XCBuildConfiguration;
			buildSettings = {
				ALWAYS_EMBED_SWIFT_STANDARD_LIBRARIES = YES;
				BUNDLE_LOADER = "$(TEST_HOST)";
				INFOPLIST_FILE = BallDrop_Hw1Tests/Info.plist;
				LD_RUNPATH_SEARCH_PATHS = "$(inherited) @executable_path/Frameworks @loader_path/Frameworks";
				PRODUCT_BUNDLE_IDENTIFIER = "itp344.BallDrop-Hw1Tests";
				PRODUCT_NAME = "$(TARGET_NAME)";
				SWIFT_VERSION = 3.0;
				TEST_HOST = "$(BUILT_PRODUCTS_DIR)/BallDrop_Hw1.app/BallDrop_Hw1";
			};
			name = Release;
		};
		889E201E1E3E737A004E0C56 /* Debug */ = {
			isa = XCBuildConfiguration;
			buildSettings = {
				ALWAYS_EMBED_SWIFT_STANDARD_LIBRARIES = YES;
				INFOPLIST_FILE = BallDrop_Hw1UITests/Info.plist;
				LD_RUNPATH_SEARCH_PATHS = "$(inherited) @executable_path/Frameworks @loader_path/Frameworks";
				PRODUCT_BUNDLE_IDENTIFIER = "itp344.BallDrop-Hw1UITests";
				PRODUCT_NAME = "$(TARGET_NAME)";
				SWIFT_VERSION = 3.0;
				TEST_TARGET_NAME = BallDrop_Hw1;
			};
			name = Debug;
		};
		889E201F1E3E737A004E0C56 /* Release */ = {
			isa = XCBuildConfiguration;
			buildSettings = {
				ALWAYS_EMBED_SWIFT_STANDARD_LIBRARIES = YES;
				INFOPLIST_FILE = BallDrop_Hw1UITests/Info.plist;
				LD_RUNPATH_SEARCH_PATHS = "$(inherited) @executable_path/Frameworks @loader_path/Frameworks";
				PRODUCT_BUNDLE_IDENTIFIER = "itp344.BallDrop-Hw1UITests";
				PRODUCT_NAME = "$(TARGET_NAME)";
				SWIFT_VERSION = 3.0;
				TEST_TARGET_NAME = BallDrop_Hw1;
			};
			name = Release;
		};
/* End XCBuildConfiguration section */

/* Begin XCConfigurationList section */
		889E1FEA1E3E737A004E0C56 /* Build configuration list for PBXProject "BallDrop_Hw1" */ = {
			isa = XCConfigurationList;
			buildConfigurations = (
				889E20151E3E737A004E0C56 /* Debug */,
				889E20161E3E737A004E0C56 /* Release */,
			);
			defaultConfigurationIsVisible = 0;
			defaultConfigurationName = Release;
		};
		889E20171E3E737A004E0C56 /* Build configuration list for PBXNativeTarget "BallDrop_Hw1" */ = {
			isa = XCConfigurationList;
			buildConfigurations = (
				889E20181E3E737A004E0C56 /* Debug */,
				889E20191E3E737A004E0C56 /* Release */,
			);
			defaultConfigurationIsVisible = 0;
		};
		889E201A1E3E737A004E0C56 /* Build configuration list for PBXNativeTarget "BallDrop_Hw1Tests" */ = {
			isa = XCConfigurationList;
			buildConfigurations = (
				889E201B1E3E737A004E0C56 /* Debug */,
				889E201C1E3E737A004E0C56 /* Release */,
			);
			defaultConfigurationIsVisible = 0;
		};
		889E201D1E3E737A004E0C56 /* Build configuration list for PBXNativeTarget "BallDrop_Hw1UITests" */ = {
			isa = XCConfigurationList;
			buildConfigurations = (
				889E201E1E3E737A004E0C56 /* Debug */,
				889E201F1E3E737A004E0C56 /* Release */,
			);
			defaultConfigurationIsVisible = 0;
		};
/* End XCConfigurationList section */
	};
	rootObject = 889E1FE71E3E737A004E0C56 /* Project object */;
}
